
Microsoft Visual Studio Solution File, Format Version 12.00
# Visual Studio Version 17
VisualStudioVersion = 17.4.33213.308
MinimumVisualStudioVersion = 10.0.40219.1
Project("{2150E333-8FDC-42A3-9474-1A3956D46DE8}") = "Solution Items", "Solution Items", "{E0203238-32AC-4971-A793-6450B9069112}"
	ProjectSection(SolutionItems) = preProject
		.dockerignore = .dockerignore
		.editorconfig = .editorconfig
		docker-compose.yml = docker-compose.yml
	EndProjectSection
EndProject
Project("{2150E333-8FDC-42A3-9474-1A3956D46DE8}") = "Microservices", "Microservices", "{F5A3E779-B8FE-4094-B46C-D40551AD2776}"
EndProject
Project("{2150E333-8FDC-42A3-9474-1A3956D46DE8}") = "Accounting", "Accounting", "{F1F254DE-9AA3-438E-853C-2D5993881FBF}"
EndProject
Project("{9A19103F-16F7-4668-BE54-9A1E7A4F7556}") = "Eefa.Accounting.Application", "Microservices\Accounting\Eefa.Accounting.Application\Eefa.Accounting.Application.csproj", "{59C8E0F2-3276-409B-8FF0-1989E66E49A2}"
EndProject
Project("{9A19103F-16F7-4668-BE54-9A1E7A4F7556}") = "Eefa.Accounting.Domain", "Microservices\Accounting\Eefa.Accounting.Domain\Eefa.Accounting.Domain.csproj", "{4E37F63E-C663-4946-8D18-AE77513AF080}"
EndProject
Project("{9A19103F-16F7-4668-BE54-9A1E7A4F7556}") = "Eefa.Accounting.Infrastructure", "Microservices\Accounting\Eefa.Accounting.Infrastructure\Eefa.Accounting.Infrastructure.csproj", "{CE2BF080-8C59-407E-8FC6-22C3AE749B82}"
EndProject
Project("{9A19103F-16F7-4668-BE54-9A1E7A4F7556}") = "Eefa.Accounting.Persistence", "Microservices\Accounting\Eefa.Accounting.Persistence\Eefa.Accounting.Persistence.csproj", "{C5623C42-D9AC-4D19-B010-AC459551B604}"
EndProject
Project("{9A19103F-16F7-4668-BE54-9A1E7A4F7556}") = "Eefa.Accounting.WebApi", "Microservices\Accounting\Eefa.Accounting.WebApi\Eefa.Accounting.WebApi.csproj", "{5603458D-C845-43FB-9C8A-C55CB2000B5F}"
EndProject
Project("{9A19103F-16F7-4668-BE54-9A1E7A4F7556}") = "Eefa.Accounting.Data", "Microservices\Accounting\Eefa.Accounting.Data\Eefa.Accounting.Data.csproj", "{39802153-C550-49F7-8A56-59212AE73D8D}"
EndProject
Project("{2150E333-8FDC-42A3-9474-1A3956D46DE8}") = "Admin", "Admin", "{5886C861-55FB-44AF-A0B7-D6B4F4B5F331}"
EndProject
Project("{9A19103F-16F7-4668-BE54-9A1E7A4F7556}") = "Eefa.Admin.Application", "Microservices\Admin\Eefa.Admin.Application\Eefa.Admin.Application.csproj", "{F57A4707-18BD-4C41-ACAE-6FCEF914E3F7}"
EndProject
Project("{9A19103F-16F7-4668-BE54-9A1E7A4F7556}") = "Eefa.Admin.Domain", "Microservices\Admin\Eefa.Admin.Domain\Eefa.Admin.Domain.csproj", "{374B2B4A-37DF-4B18-9AE7-F3449BD554FC}"
EndProject
Project("{9A19103F-16F7-4668-BE54-9A1E7A4F7556}") = "Eefa.Admin.Infrastructure", "Microservices\Admin\Eefa.Admin.Infrastructure\Eefa.Admin.Infrastructure.csproj", "{FF3A8DC6-055F-48A5-B082-C09D904B1E2A}"
EndProject
Project("{9A19103F-16F7-4668-BE54-9A1E7A4F7556}") = "Eefa.Admin.Persistence", "Microservices\Admin\Eefa.Admin.Persistence\Eefa.Admin.Persistence.csproj", "{75AC50EB-FCE1-4384-A778-816EAA6B4347}"
EndProject
Project("{9A19103F-16F7-4668-BE54-9A1E7A4F7556}") = "Eefa.Admin.WebApi", "Microservices\Admin\Eefa.Admin.WebApi\Eefa.Admin.WebApi.csproj", "{6C5C0722-57E4-4A1E-BB12-4ECDF05182BE}"
EndProject
Project("{9A19103F-16F7-4668-BE54-9A1E7A4F7556}") = "Eefa.Admin.Data", "Microservices\Admin\Eefa.Admin.Data\Eefa.Admin.Data.csproj", "{6B06134B-A345-42AD-8B72-0523637E89B7}"
EndProject
Project("{2150E333-8FDC-42A3-9474-1A3956D46DE8}") = "Identity", "Identity", "{B9C223A7-7852-4CAE-8CE7-03D3B01E41AE}"
EndProject
Project("{9A19103F-16F7-4668-BE54-9A1E7A4F7556}") = "Eefa.Identity.Data", "Microservices\Identity\Eefa.Identity.Data\Eefa.Identity.Data.csproj", "{96A4BE03-6B29-43DF-98A9-FD30B54ECEB7}"
EndProject
Project("{9A19103F-16F7-4668-BE54-9A1E7A4F7556}") = "Eefa.Identity.WebApi", "Microservices\Identity\Eefa.Identity.WebApi\Eefa.Identity.WebApi.csproj", "{BD369C0B-664C-4D5E-A020-992F7BEF4902}"
EndProject
Project("{9A19103F-16F7-4668-BE54-9A1E7A4F7556}") = "Eefa.Identity.Services", "Microservices\Identity\Eefa.Identity.Services\Eefa.Identity.Services.csproj", "{CD8BEEAE-6750-4A96-B99F-9B5EBEDF870D}"
EndProject
Project("{2150E333-8FDC-42A3-9474-1A3956D46DE8}") = "Sale", "Sale", "{59F293A2-0162-4D17-A83F-5D2B27859769}"
EndProject
Project("{9A19103F-16F7-4668-BE54-9A1E7A4F7556}") = "Eefa.Sale.Application", "Microservices\Sale\Eefa.Sale.Application\Eefa.Sale.Application.csproj", "{CA11761B-8388-4F22-BDE2-3AD2912FBC21}"
EndProject
Project("{9A19103F-16F7-4668-BE54-9A1E7A4F7556}") = "Eefa.Sale.WebApi", "Microservices\Sale\Eefa.Sale.WebApi\Eefa.Sale.WebApi.csproj", "{A6A9686B-3436-4DC1-804E-C48F8CA86D0B}"
EndProject
Project("{9A19103F-16F7-4668-BE54-9A1E7A4F7556}") = "Eefa.Sale.Infrastructure", "Microservices\Sale\Eefa.Sale.Infrastructure\Eefa.Sale.Infrastructure.csproj", "{5111C8A4-19F3-4BDA-A879-0C3154D1C5E8}"
EndProject
Project("{9A19103F-16F7-4668-BE54-9A1E7A4F7556}") = "Eefa.Sale.Data", "Microservices\Sale\Eefa.Sale.Data\Eefa.Sale.Data.csproj", "{2335BD9B-7B79-4004-BD36-F26CBD80A9E2}"
EndProject
Project("{2150E333-8FDC-42A3-9474-1A3956D46DE8}") = "FileTransfer", "FileTransfer", "{C60B57E7-8749-43DA-B58E-5E53C7B48BBA}"
EndProject
Project("{9A19103F-16F7-4668-BE54-9A1E7A4F7556}") = "FileTransfer.WebApi", "Microservices\FileTransfer\FileTransfer.WebApi\FileTransfer.WebApi.csproj", "{109273E1-CB63-4519-A01C-1FE44DAD49E1}"
EndProject
Project("{9A19103F-16F7-4668-BE54-9A1E7A4F7556}") = "Library", "Core\Library\Library.csproj", "{27B45F35-EA3C-4521-9D20-7632D8BC2E54}"
EndProject
Project("{9A19103F-16F7-4668-BE54-9A1E7A4F7556}") = "Eefa.Common", "Core\Eefa.Common\Eefa.Common.csproj", "{62ED6D34-EA17-49AE-AF9D-62A72761A12C}"
EndProject
Project("{9A19103F-16F7-4668-BE54-9A1E7A4F7556}") = "Eefa.Persistence", "Core\Eefa.Persistence\Eefa.Persistence.csproj", "{5F6C8880-39DE-497F-965E-A53F5A55CD24}"
EndProject
Project("{9A19103F-16F7-4668-BE54-9A1E7A4F7556}") = "Eefa.NotificationServices", "Core\Eefa.NotificationServices\Eefa.NotificationServices.csproj", "{3BF521B3-CF83-4AFF-9A7A-9E5460C67DEA}"
EndProject
Project("{2150E333-8FDC-42A3-9474-1A3956D46DE8}") = "Audit", "Audit", "{EBC37497-5802-47F2-977F-CDF8BC00AA08}"
EndProject
Project("{9A19103F-16F7-4668-BE54-9A1E7A4F7556}") = "Eefa.Audit.Service", "Microservices\Audit\Eefa.Audit.Service\Eefa.Audit.Service.csproj", "{330628EE-9ECF-4F54-81AB-E7E3F18BD8BA}"
EndProject
Project("{9A19103F-16F7-4668-BE54-9A1E7A4F7556}") = "Eefa.Audit.WebApi", "Microservices\Audit\Eefa.Audit.WebApi\Eefa.Audit.WebApi.csproj", "{8D8D1A05-491A-4F5B-A742-D60C38C11476}"
EndProject
Project("{9A19103F-16F7-4668-BE54-9A1E7A4F7556}") = "Eefa.Audit.Data", "Microservices\Audit\Eefa.Audit.Data\Eefa.Audit.Data.csproj", "{13FE810C-7AA2-44C0-9819-0486D324E1D0}"
EndProject
Project("{2150E333-8FDC-42A3-9474-1A3956D46DE8}") = "Bursary", "Bursary", "{9CBB6632-BE3C-44B8-A7B7-EEBAC8C4AE2E}"
EndProject
Project("{9A19103F-16F7-4668-BE54-9A1E7A4F7556}") = "Eefa.Bursary.Application", "Microservices\Bursary\Eefa.Bursary.Application\Eefa.Bursary.Application.csproj", "{8699AEA6-1FDE-47B3-9A94-B9D2C9662C0A}"
EndProject
Project("{9A19103F-16F7-4668-BE54-9A1E7A4F7556}") = "Eefa.Bursary.Domain", "Microservices\Bursary\Eefa.Bursary.Domain\Eefa.Bursary.Domain.csproj", "{46651901-F80F-451E-B8DB-187B63717F6B}"
EndProject
Project("{9A19103F-16F7-4668-BE54-9A1E7A4F7556}") = "Eefa.Bursary.Infrastructure", "Microservices\Bursary\Eefa.Bursary.Infrastructure\Eefa.Bursary.Infrastructure.csproj", "{6CF4C995-8C85-4995-8602-76DB399DB20D}"
EndProject
Project("{9A19103F-16F7-4668-BE54-9A1E7A4F7556}") = "Eefa.Bursary.WebApi", "Microservices\Bursary\Eefa.Bursary.WebApi\Eefa.Bursary.WebApi.csproj", "{45C49E67-A12E-476C-AD4B-86BF4541C62D}"
EndProject
Project("{2150E333-8FDC-42A3-9474-1A3956D46DE8}") = "Inventory", "Inventory", "{88AFF262-8D50-4037-8ED8-56A9B526EFC4}"
EndProject
Project("{9A19103F-16F7-4668-BE54-9A1E7A4F7556}") = "Eefa.Inventory.Application", "Microservices\Inventory\Eefa.Inventory.Application\Eefa.Inventory.Application.csproj", "{7F863CBD-4490-46A4-97A0-5D9E522A77FA}"
EndProject
Project("{9A19103F-16F7-4668-BE54-9A1E7A4F7556}") = "Eefa.Inventory.Domain", "Microservices\Inventory\Eefa.Inventory.Domain\Eefa.Inventory.Domain.csproj", "{471F4119-8756-4BB4-8F39-450E0ADF056F}"
EndProject
Project("{9A19103F-16F7-4668-BE54-9A1E7A4F7556}") = "Eefa.Inventory.WebApi", "Microservices\Inventory\Eefa.Inventory.WebApi\Eefa.Inventory.WebApi.csproj", "{3F0C9C02-F1A9-4FAE-92B5-FD787E792AA6}"
EndProject
Project("{2150E333-8FDC-42A3-9474-1A3956D46DE8}") = "Commodity", "Commodity", "{B5C3A61E-132E-4261-ADB7-B00DCFA5204C}"
EndProject
Project("{9A19103F-16F7-4668-BE54-9A1E7A4F7556}") = "Eefa.Commodity.Data", "Microservices\Commodity\Eefa.Commodity.Data\Eefa.Commodity.Data.csproj", "{5BED6290-FBD7-43EF-8E6E-8DE67888C670}"
EndProject
Project("{9A19103F-16F7-4668-BE54-9A1E7A4F7556}") = "Eefa.Commodity.Application", "Microservices\Commodity\Eefa.Commodity.Application\Eefa.Commodity.Application.csproj", "{5B4E0C6A-907A-4035-B376-24A5ABF4A75F}"
EndProject
Project("{9A19103F-16F7-4668-BE54-9A1E7A4F7556}") = "Eefa.Commodity.WebApi", "Microservices\Commodity\Eefa.Commodity.WebApi\Eefa.Commodity.WebApi.csproj", "{AB8B57A2-AE2F-4B3F-94A1-E7FE8D584534}"
EndProject
Project("{9A19103F-16F7-4668-BE54-9A1E7A4F7556}") = "Eefa.Invertory.Infrastructure", "Microservices\Inventory\Eefa.Invertory.Infrastructure\Eefa.Invertory.Infrastructure.csproj", "{5B6F1DA8-7FA0-4192-9B80-F418BFDFA2A6}"
EndProject
Project("{2150E333-8FDC-42A3-9474-1A3956D46DE8}") = "Purchase", "Purchase", "{D6CD08AC-744E-4DC6-9B95-0DCD0DC00A71}"
EndProject
Project("{9A19103F-16F7-4668-BE54-9A1E7A4F7556}") = "Eefa.Purchase.WebApi", "Microservices\purchase\Eefa.Purchase.WebApi\Eefa.Purchase.WebApi.csproj", "{8BE424A9-B776-49CE-A322-19CA162C6744}"
EndProject
Project("{9A19103F-16F7-4668-BE54-9A1E7A4F7556}") = "Eefa.Purchase.Infrastructure", "Microservices\purchase\Eefa.Purchase.Infrastructure\Eefa.Purchase.Infrastructure.csproj", "{C156B963-2EBA-4087-9EAA-7C9CE3FC4416}"
EndProject
Project("{9A19103F-16F7-4668-BE54-9A1E7A4F7556}") = "Eefa.Purchase.Domain", "Microservices\purchase\Eefa.Purchase.Domain\Eefa.Purchase.Domain.csproj", "{F32B1A7C-13C6-4F8F-9E2D-88F4A1F37DCB}"
EndProject
Project("{9A19103F-16F7-4668-BE54-9A1E7A4F7556}") = "Eefa.Purchase.Application", "Microservices\purchase\Eefa.Purchase.Application\Eefa.Purchase.Application.csproj", "{35F8C7DD-0B54-4C69-A464-9582868540AF}"
EndProject
Project("{9A19103F-16F7-4668-BE54-9A1E7A4F7556}") = "Eefa.Bursary.UnitTests", "Microservices\Bursary\Eefa.Bursary.UnitTests\Eefa.Bursary.UnitTests.csproj", "{2BF9BA93-D2FF-4D0F-AE2B-AA22ABEA3C02}"
EndProject
Project("{9A19103F-16F7-4668-BE54-9A1E7A4F7556}") = "Eefa.Bursary.IntegrationTests", "Microservices\Bursary\Eefa.Bursary.IntegrationTests\Eefa.Bursary.IntegrationTests.csproj", "{F46EE7DF-7F82-41F4-BAAA-F3F35884A599}"
EndProject
Project("{2150E333-8FDC-42A3-9474-1A3956D46DE8}") = "Ticketing", "Ticketing", "{D27AF287-F1C8-4BEE-BA69-21D1A040263D}"
	ProjectSection(SolutionItems) = preProject
		Microservices\Ticketing\Tiketing-develop-pipeline.yaml = Microservices\Ticketing\Tiketing-develop-pipeline.yaml
	EndProjectSection
EndProject
Project("{2150E333-8FDC-42A3-9474-1A3956D46DE8}") = "Infrastructure", "Infrastructure", "{393406A5-62B7-40E8-85DC-5247ABCC2EDC}"
EndProject
Project("{9A19103F-16F7-4668-BE54-9A1E7A4F7556}") = "Eefa.Ticketing.WebApi", "Microservices\Ticketing\Eefa.Ticketing.WebApi\Eefa.Ticketing.WebApi.csproj", "{8228F3E1-D549-4638-AA94-88E580ADA76E}"
EndProject
Project("{9A19103F-16F7-4668-BE54-9A1E7A4F7556}") = "Eefa.Ticketing.Domain.Core", "Microservices\Ticketing\Domain\Eefa.Ticketing.Domain.Core\Eefa.Ticketing.Domain.Core.csproj", "{564FED60-BA00-467F-99EB-983D35E98B67}"
EndProject
Project("{9A19103F-16F7-4668-BE54-9A1E7A4F7556}") = "Eefa.Ticketing.Domain.SeedWork", "Microservices\Ticketing\Domain\Eefa.Ticketing.Domain.SeedWork\Eefa.Ticketing.Domain.SeedWork.csproj", "{F17035CA-C3DF-433C-B63F-81F072B9C74B}"
EndProject
Project("{9A19103F-16F7-4668-BE54-9A1E7A4F7556}") = "Eefa.Ticketing.Infrastructure", "Microservices\Ticketing\Infrastructure\Eefa.Ticketing.Infrastructure\Eefa.Ticketing.Infrastructure.csproj", "{34447197-1C13-4EA2-9480-BE29532236A1}"
EndProject
Project("{9A19103F-16F7-4668-BE54-9A1E7A4F7556}") = "Eefa.Ticketing.Infrastructure.Database", "Microservices\Ticketing\Infrastructure\Eefa.Ticketing.Infrastructure.Database\Eefa.Ticketing.Infrastructure.Database.csproj", "{BBE3A475-2BF3-489A-B2BC-A2BF80BD239F}"
EndProject
Project("{9A19103F-16F7-4668-BE54-9A1E7A4F7556}") = "Eefa.Ticketing.Application.Contract", "Microservices\Ticketing\Application\Eefa.Ticketing.Application.Contract\Eefa.Ticketing.Application.Contract.csproj", "{C5A77273-AA8E-4B10-8FC7-9E4D56DE2840}"
EndProject
Project("{9A19103F-16F7-4668-BE54-9A1E7A4F7556}") = "Eefa.Ticketing.Application", "Microservices\Ticketing\Application\Eefa.Ticketing.Application\Eefa.Ticketing.Application.csproj", "{14B9B558-B188-4828-A387-243347C4D8EC}"
EndProject
Project("{2150E333-8FDC-42A3-9474-1A3956D46DE8}") = "Core", "Core", "{27415828-C09E-49FC-9843-3E19A45EF333}"
EndProject
Project("{2150E333-8FDC-42A3-9474-1A3956D46DE8}") = "Refactor", "Refactor", "{A585E2B2-5318-4FC7-9E57-4A817543A8C9}"
EndProject
Project("{2150E333-8FDC-42A3-9474-1A3956D46DE8}") = "Logistic", "Logistic", "{755AB809-265A-45EF-9FD3-B196202790C3}"
EndProject
Project("{9A19103F-16F7-4668-BE54-9A1E7A4F7556}") = "Eefa.Logistic.Domain", "Microservices\Logistic\Eefa.Logistic.Domain\Eefa.Logistic.Domain.csproj", "{E8549F5D-89CF-4CB6-8C37-C37F4F4DB21C}"
EndProject
Project("{9A19103F-16F7-4668-BE54-9A1E7A4F7556}") = "Eefa.Logistic.Infrastructure", "Microservices\Logistic\Eefa.Logistic.Infrastructure\Eefa.Logistic.Infrastructure.csproj", "{C79EE722-B295-4C2B-A319-38592F432622}"
EndProject
Project("{9A19103F-16F7-4668-BE54-9A1E7A4F7556}") = "Eefa.Logistic.Application", "Microservices\Logistic\Eefa.Logistic.Application\Eefa.Logistic.Application.csproj", "{5E4D7595-9262-4D30-97C9-C5613BF2ECAC}"
EndProject
Project("{9A19103F-16F7-4668-BE54-9A1E7A4F7556}") = "Eefa.Logistic.WebApi", "Microservices\Logistic\Eefa.Logistic.WebApi\Eefa.Logistic.WebApi.csproj", "{13639212-661E-443B-A1EE-1E89CD9FE052}"
EndProject
Project("{9A19103F-16F7-4668-BE54-9A1E7A4F7556}") = "Eefa.Accounting.Application.Refactor", "Microservices\Accounting\Eefa.Accounting.Application.Refactor\Eefa.Accounting.Application.Refactor.csproj", "{A3349ECA-C58F-4002-B4F9-C7800A3CB27D}"
EndProject
Project("{9A19103F-16F7-4668-BE54-9A1E7A4F7556}") = "Eefa.Admin.UnitTest", "Microservices\Admin\Tests\Eefa.Admin.UnitTest\Eefa.Admin.UnitTest.csproj", "{C073DFCB-907F-4F0C-ACF2-1008B268323E}"
EndProject
Project("{FAE04EC0-301F-11D3-BF4B-00C04F79EFBC}") = "Eefa.Inventory.WindowsService", "Eefa.Inventory.WindowsService\Eefa.Inventory.WindowsService.csproj", "{1E4A4D27-AACA-479A-B202-A45DBA212E81}"
EndProject
Project("{9A19103F-16F7-4668-BE54-9A1E7A4F7556}") = "TaxCollectData.Library", "Microservices\Accounting\TaxCollectData.Library\TaxCollectData.Library.csproj", "{CAC601DC-C5DF-4BC2-A95C-15293F4B19A2}"
EndProject
Project("{2150E333-8FDC-42A3-9474-1A3956D46DE8}") = "Notification", "Notification", "{C17B71F2-A7A4-47E1-9F8A-8B9C92D215DA}"
EndProject
Project("{9A19103F-16F7-4668-BE54-9A1E7A4F7556}") = "Eefa.Notification.WebApi", "Eefa.Notification.WebApi\Eefa.Notification.WebApi.csproj", "{92F3E294-8E99-4179-AD0D-D7FC3B48B2CC}"
EndProject
Project("{9A19103F-16F7-4668-BE54-9A1E7A4F7556}") = "ApiGateway", "Microservices\ApiGateway\ApiGateway.csproj", "{5684EB8C-F8CD-4A90-8243-A35BD1B0405C}"
EndProject
Project("{9A19103F-16F7-4668-BE54-9A1E7A4F7556}") = "Eefa.Admin.Application.Refactor", "Microservices\Admin\Eefa.Admin.Application.Refactor\Eefa.Admin.Application.Refactor.csproj", "{0CFE0AC2-334C-49CD-83B2-93343BDB6157}"
EndProject
Project("{FAE04EC0-301F-11D3-BF4B-00C04F79EFBC}") = "SharedCode", "Core\SharedCode\SharedCode.csproj", "{5DF7940F-EF2A-4385-9F68-BD64B599F563}"
EndProject
Project("{2150E333-8FDC-42A3-9474-1A3956D46DE8}") = "Warehous", "Warehous", "{F06CE4EE-FBED-4513-AC1D-0ECC3FB229AE}"
EndProject
Project("{FAE04EC0-301F-11D3-BF4B-00C04F79EFBC}") = "Eefa.Warehous.Application", "Eefa.Warehous.Application\Eefa.Warehous.Application.csproj", "{66FBC348-ABC5-49FA-A5ED-604BBB57BF07}"
EndProject
Project("{FAE04EC0-301F-11D3-BF4B-00C04F79EFBC}") = "Eefa.Warehous.Data", "Eefa.Warehous.Data\Eefa.Warehous.Data.csproj", "{6F86B5A0-EEB8-44E6-B681-84A4321DA9CE}"
EndProject
Project("{FAE04EC0-301F-11D3-BF4B-00C04F79EFBC}") = "Eefa.Warehous.WebApi", "Eefa.Warehous.WebApi\Eefa.Warehous.WebApi.csproj", "{46B40CEC-4CAB-4CFF-A8CD-87148709476E}"
EndProject
Global
	GlobalSection(SolutionConfigurationPlatforms) = preSolution
		Debug|Any CPU = Debug|Any CPU
		Release|Any CPU = Release|Any CPU
	EndGlobalSection
	GlobalSection(ProjectConfigurationPlatforms) = postSolution
		{59C8E0F2-3276-409B-8FF0-1989E66E49A2}.Debug|Any CPU.ActiveCfg = Debug|Any CPU
		{59C8E0F2-3276-409B-8FF0-1989E66E49A2}.Debug|Any CPU.Build.0 = Debug|Any CPU
		{59C8E0F2-3276-409B-8FF0-1989E66E49A2}.Release|Any CPU.ActiveCfg = Release|Any CPU
		{59C8E0F2-3276-409B-8FF0-1989E66E49A2}.Release|Any CPU.Build.0 = Release|Any CPU
		{4E37F63E-C663-4946-8D18-AE77513AF080}.Debug|Any CPU.ActiveCfg = Debug|Any CPU
		{4E37F63E-C663-4946-8D18-AE77513AF080}.Debug|Any CPU.Build.0 = Debug|Any CPU
		{4E37F63E-C663-4946-8D18-AE77513AF080}.Release|Any CPU.ActiveCfg = Release|Any CPU
		{4E37F63E-C663-4946-8D18-AE77513AF080}.Release|Any CPU.Build.0 = Release|Any CPU
		{CE2BF080-8C59-407E-8FC6-22C3AE749B82}.Debug|Any CPU.ActiveCfg = Debug|Any CPU
		{CE2BF080-8C59-407E-8FC6-22C3AE749B82}.Debug|Any CPU.Build.0 = Debug|Any CPU
		{CE2BF080-8C59-407E-8FC6-22C3AE749B82}.Release|Any CPU.ActiveCfg = Release|Any CPU
		{CE2BF080-8C59-407E-8FC6-22C3AE749B82}.Release|Any CPU.Build.0 = Release|Any CPU
		{C5623C42-D9AC-4D19-B010-AC459551B604}.Debug|Any CPU.ActiveCfg = Debug|Any CPU
		{C5623C42-D9AC-4D19-B010-AC459551B604}.Debug|Any CPU.Build.0 = Debug|Any CPU
		{C5623C42-D9AC-4D19-B010-AC459551B604}.Release|Any CPU.ActiveCfg = Release|Any CPU
		{C5623C42-D9AC-4D19-B010-AC459551B604}.Release|Any CPU.Build.0 = Release|Any CPU
		{5603458D-C845-43FB-9C8A-C55CB2000B5F}.Debug|Any CPU.ActiveCfg = Debug|Any CPU
		{5603458D-C845-43FB-9C8A-C55CB2000B5F}.Debug|Any CPU.Build.0 = Debug|Any CPU
		{5603458D-C845-43FB-9C8A-C55CB2000B5F}.Release|Any CPU.ActiveCfg = Release|Any CPU
		{5603458D-C845-43FB-9C8A-C55CB2000B5F}.Release|Any CPU.Build.0 = Release|Any CPU
		{39802153-C550-49F7-8A56-59212AE73D8D}.Debug|Any CPU.ActiveCfg = Debug|Any CPU
		{39802153-C550-49F7-8A56-59212AE73D8D}.Debug|Any CPU.Build.0 = Debug|Any CPU
		{39802153-C550-49F7-8A56-59212AE73D8D}.Release|Any CPU.ActiveCfg = Release|Any CPU
		{39802153-C550-49F7-8A56-59212AE73D8D}.Release|Any CPU.Build.0 = Release|Any CPU
		{F57A4707-18BD-4C41-ACAE-6FCEF914E3F7}.Debug|Any CPU.ActiveCfg = Debug|Any CPU
		{F57A4707-18BD-4C41-ACAE-6FCEF914E3F7}.Debug|Any CPU.Build.0 = Debug|Any CPU
		{F57A4707-18BD-4C41-ACAE-6FCEF914E3F7}.Release|Any CPU.ActiveCfg = Release|Any CPU
		{F57A4707-18BD-4C41-ACAE-6FCEF914E3F7}.Release|Any CPU.Build.0 = Release|Any CPU
		{374B2B4A-37DF-4B18-9AE7-F3449BD554FC}.Debug|Any CPU.ActiveCfg = Debug|Any CPU
		{374B2B4A-37DF-4B18-9AE7-F3449BD554FC}.Debug|Any CPU.Build.0 = Debug|Any CPU
		{374B2B4A-37DF-4B18-9AE7-F3449BD554FC}.Release|Any CPU.ActiveCfg = Release|Any CPU
		{374B2B4A-37DF-4B18-9AE7-F3449BD554FC}.Release|Any CPU.Build.0 = Release|Any CPU
		{FF3A8DC6-055F-48A5-B082-C09D904B1E2A}.Debug|Any CPU.ActiveCfg = Debug|Any CPU
		{FF3A8DC6-055F-48A5-B082-C09D904B1E2A}.Debug|Any CPU.Build.0 = Debug|Any CPU
		{FF3A8DC6-055F-48A5-B082-C09D904B1E2A}.Release|Any CPU.ActiveCfg = Release|Any CPU
		{FF3A8DC6-055F-48A5-B082-C09D904B1E2A}.Release|Any CPU.Build.0 = Release|Any CPU
		{75AC50EB-FCE1-4384-A778-816EAA6B4347}.Debug|Any CPU.ActiveCfg = Debug|Any CPU
		{75AC50EB-FCE1-4384-A778-816EAA6B4347}.Debug|Any CPU.Build.0 = Debug|Any CPU
		{75AC50EB-FCE1-4384-A778-816EAA6B4347}.Release|Any CPU.ActiveCfg = Release|Any CPU
		{75AC50EB-FCE1-4384-A778-816EAA6B4347}.Release|Any CPU.Build.0 = Release|Any CPU
		{6C5C0722-57E4-4A1E-BB12-4ECDF05182BE}.Debug|Any CPU.ActiveCfg = Debug|Any CPU
		{6C5C0722-57E4-4A1E-BB12-4ECDF05182BE}.Debug|Any CPU.Build.0 = Debug|Any CPU
		{6C5C0722-57E4-4A1E-BB12-4ECDF05182BE}.Release|Any CPU.ActiveCfg = Release|Any CPU
		{6C5C0722-57E4-4A1E-BB12-4ECDF05182BE}.Release|Any CPU.Build.0 = Release|Any CPU
		{6B06134B-A345-42AD-8B72-0523637E89B7}.Debug|Any CPU.ActiveCfg = Debug|Any CPU
		{6B06134B-A345-42AD-8B72-0523637E89B7}.Debug|Any CPU.Build.0 = Debug|Any CPU
		{6B06134B-A345-42AD-8B72-0523637E89B7}.Release|Any CPU.ActiveCfg = Release|Any CPU
		{6B06134B-A345-42AD-8B72-0523637E89B7}.Release|Any CPU.Build.0 = Release|Any CPU
		{96A4BE03-6B29-43DF-98A9-FD30B54ECEB7}.Debug|Any CPU.ActiveCfg = Debug|Any CPU
		{96A4BE03-6B29-43DF-98A9-FD30B54ECEB7}.Debug|Any CPU.Build.0 = Debug|Any CPU
		{96A4BE03-6B29-43DF-98A9-FD30B54ECEB7}.Release|Any CPU.ActiveCfg = Release|Any CPU
		{96A4BE03-6B29-43DF-98A9-FD30B54ECEB7}.Release|Any CPU.Build.0 = Release|Any CPU
		{BD369C0B-664C-4D5E-A020-992F7BEF4902}.Debug|Any CPU.ActiveCfg = Debug|Any CPU
		{BD369C0B-664C-4D5E-A020-992F7BEF4902}.Debug|Any CPU.Build.0 = Debug|Any CPU
		{BD369C0B-664C-4D5E-A020-992F7BEF4902}.Release|Any CPU.ActiveCfg = Release|Any CPU
		{BD369C0B-664C-4D5E-A020-992F7BEF4902}.Release|Any CPU.Build.0 = Release|Any CPU
		{CD8BEEAE-6750-4A96-B99F-9B5EBEDF870D}.Debug|Any CPU.ActiveCfg = Debug|Any CPU
		{CD8BEEAE-6750-4A96-B99F-9B5EBEDF870D}.Debug|Any CPU.Build.0 = Debug|Any CPU
		{CD8BEEAE-6750-4A96-B99F-9B5EBEDF870D}.Release|Any CPU.ActiveCfg = Release|Any CPU
		{CD8BEEAE-6750-4A96-B99F-9B5EBEDF870D}.Release|Any CPU.Build.0 = Release|Any CPU
		{CA11761B-8388-4F22-BDE2-3AD2912FBC21}.Debug|Any CPU.ActiveCfg = Debug|Any CPU
		{CA11761B-8388-4F22-BDE2-3AD2912FBC21}.Debug|Any CPU.Build.0 = Debug|Any CPU
		{CA11761B-8388-4F22-BDE2-3AD2912FBC21}.Release|Any CPU.ActiveCfg = Release|Any CPU
		{CA11761B-8388-4F22-BDE2-3AD2912FBC21}.Release|Any CPU.Build.0 = Release|Any CPU
		{A6A9686B-3436-4DC1-804E-C48F8CA86D0B}.Debug|Any CPU.ActiveCfg = Debug|Any CPU
		{A6A9686B-3436-4DC1-804E-C48F8CA86D0B}.Debug|Any CPU.Build.0 = Debug|Any CPU
		{A6A9686B-3436-4DC1-804E-C48F8CA86D0B}.Release|Any CPU.ActiveCfg = Release|Any CPU
		{A6A9686B-3436-4DC1-804E-C48F8CA86D0B}.Release|Any CPU.Build.0 = Release|Any CPU
		{5111C8A4-19F3-4BDA-A879-0C3154D1C5E8}.Debug|Any CPU.ActiveCfg = Debug|Any CPU
		{5111C8A4-19F3-4BDA-A879-0C3154D1C5E8}.Debug|Any CPU.Build.0 = Debug|Any CPU
		{5111C8A4-19F3-4BDA-A879-0C3154D1C5E8}.Release|Any CPU.ActiveCfg = Release|Any CPU
		{5111C8A4-19F3-4BDA-A879-0C3154D1C5E8}.Release|Any CPU.Build.0 = Release|Any CPU
		{2335BD9B-7B79-4004-BD36-F26CBD80A9E2}.Debug|Any CPU.ActiveCfg = Debug|Any CPU
		{2335BD9B-7B79-4004-BD36-F26CBD80A9E2}.Debug|Any CPU.Build.0 = Debug|Any CPU
		{2335BD9B-7B79-4004-BD36-F26CBD80A9E2}.Release|Any CPU.ActiveCfg = Release|Any CPU
		{2335BD9B-7B79-4004-BD36-F26CBD80A9E2}.Release|Any CPU.Build.0 = Release|Any CPU
		{109273E1-CB63-4519-A01C-1FE44DAD49E1}.Debug|Any CPU.ActiveCfg = Debug|Any CPU
		{109273E1-CB63-4519-A01C-1FE44DAD49E1}.Debug|Any CPU.Build.0 = Debug|Any CPU
		{109273E1-CB63-4519-A01C-1FE44DAD49E1}.Release|Any CPU.ActiveCfg = Release|Any CPU
		{109273E1-CB63-4519-A01C-1FE44DAD49E1}.Release|Any CPU.Build.0 = Release|Any CPU
		{27B45F35-EA3C-4521-9D20-7632D8BC2E54}.Debug|Any CPU.ActiveCfg = Debug|Any CPU
		{27B45F35-EA3C-4521-9D20-7632D8BC2E54}.Debug|Any CPU.Build.0 = Debug|Any CPU
		{27B45F35-EA3C-4521-9D20-7632D8BC2E54}.Release|Any CPU.ActiveCfg = Release|Any CPU
		{27B45F35-EA3C-4521-9D20-7632D8BC2E54}.Release|Any CPU.Build.0 = Release|Any CPU
		{62ED6D34-EA17-49AE-AF9D-62A72761A12C}.Debug|Any CPU.ActiveCfg = Debug|Any CPU
		{62ED6D34-EA17-49AE-AF9D-62A72761A12C}.Debug|Any CPU.Build.0 = Debug|Any CPU
		{62ED6D34-EA17-49AE-AF9D-62A72761A12C}.Release|Any CPU.ActiveCfg = Release|Any CPU
		{62ED6D34-EA17-49AE-AF9D-62A72761A12C}.Release|Any CPU.Build.0 = Release|Any CPU
		{5F6C8880-39DE-497F-965E-A53F5A55CD24}.Debug|Any CPU.ActiveCfg = Debug|Any CPU
		{5F6C8880-39DE-497F-965E-A53F5A55CD24}.Debug|Any CPU.Build.0 = Debug|Any CPU
		{5F6C8880-39DE-497F-965E-A53F5A55CD24}.Release|Any CPU.ActiveCfg = Release|Any CPU
		{5F6C8880-39DE-497F-965E-A53F5A55CD24}.Release|Any CPU.Build.0 = Release|Any CPU
		{3BF521B3-CF83-4AFF-9A7A-9E5460C67DEA}.Debug|Any CPU.ActiveCfg = Debug|Any CPU
		{3BF521B3-CF83-4AFF-9A7A-9E5460C67DEA}.Debug|Any CPU.Build.0 = Debug|Any CPU
		{3BF521B3-CF83-4AFF-9A7A-9E5460C67DEA}.Release|Any CPU.ActiveCfg = Release|Any CPU
		{3BF521B3-CF83-4AFF-9A7A-9E5460C67DEA}.Release|Any CPU.Build.0 = Release|Any CPU
		{330628EE-9ECF-4F54-81AB-E7E3F18BD8BA}.Debug|Any CPU.ActiveCfg = Debug|Any CPU
		{330628EE-9ECF-4F54-81AB-E7E3F18BD8BA}.Debug|Any CPU.Build.0 = Debug|Any CPU
		{330628EE-9ECF-4F54-81AB-E7E3F18BD8BA}.Release|Any CPU.ActiveCfg = Release|Any CPU
		{330628EE-9ECF-4F54-81AB-E7E3F18BD8BA}.Release|Any CPU.Build.0 = Release|Any CPU
		{8D8D1A05-491A-4F5B-A742-D60C38C11476}.Debug|Any CPU.ActiveCfg = Debug|Any CPU
		{8D8D1A05-491A-4F5B-A742-D60C38C11476}.Debug|Any CPU.Build.0 = Debug|Any CPU
		{8D8D1A05-491A-4F5B-A742-D60C38C11476}.Release|Any CPU.ActiveCfg = Release|Any CPU
		{8D8D1A05-491A-4F5B-A742-D60C38C11476}.Release|Any CPU.Build.0 = Release|Any CPU
		{13FE810C-7AA2-44C0-9819-0486D324E1D0}.Debug|Any CPU.ActiveCfg = Debug|Any CPU
		{13FE810C-7AA2-44C0-9819-0486D324E1D0}.Debug|Any CPU.Build.0 = Debug|Any CPU
		{13FE810C-7AA2-44C0-9819-0486D324E1D0}.Release|Any CPU.ActiveCfg = Release|Any CPU
		{13FE810C-7AA2-44C0-9819-0486D324E1D0}.Release|Any CPU.Build.0 = Release|Any CPU
		{8699AEA6-1FDE-47B3-9A94-B9D2C9662C0A}.Debug|Any CPU.ActiveCfg = Debug|Any CPU
		{8699AEA6-1FDE-47B3-9A94-B9D2C9662C0A}.Debug|Any CPU.Build.0 = Debug|Any CPU
		{8699AEA6-1FDE-47B3-9A94-B9D2C9662C0A}.Release|Any CPU.ActiveCfg = Release|Any CPU
		{8699AEA6-1FDE-47B3-9A94-B9D2C9662C0A}.Release|Any CPU.Build.0 = Release|Any CPU
		{46651901-F80F-451E-B8DB-187B63717F6B}.Debug|Any CPU.ActiveCfg = Debug|Any CPU
		{46651901-F80F-451E-B8DB-187B63717F6B}.Debug|Any CPU.Build.0 = Debug|Any CPU
		{46651901-F80F-451E-B8DB-187B63717F6B}.Release|Any CPU.ActiveCfg = Release|Any CPU
		{46651901-F80F-451E-B8DB-187B63717F6B}.Release|Any CPU.Build.0 = Release|Any CPU
		{6CF4C995-8C85-4995-8602-76DB399DB20D}.Debug|Any CPU.ActiveCfg = Debug|Any CPU
		{6CF4C995-8C85-4995-8602-76DB399DB20D}.Debug|Any CPU.Build.0 = Debug|Any CPU
		{6CF4C995-8C85-4995-8602-76DB399DB20D}.Release|Any CPU.ActiveCfg = Release|Any CPU
		{6CF4C995-8C85-4995-8602-76DB399DB20D}.Release|Any CPU.Build.0 = Release|Any CPU
		{45C49E67-A12E-476C-AD4B-86BF4541C62D}.Debug|Any CPU.ActiveCfg = Debug|Any CPU
		{45C49E67-A12E-476C-AD4B-86BF4541C62D}.Debug|Any CPU.Build.0 = Debug|Any CPU
		{45C49E67-A12E-476C-AD4B-86BF4541C62D}.Release|Any CPU.ActiveCfg = Release|Any CPU
		{45C49E67-A12E-476C-AD4B-86BF4541C62D}.Release|Any CPU.Build.0 = Release|Any CPU
		{7F863CBD-4490-46A4-97A0-5D9E522A77FA}.Debug|Any CPU.ActiveCfg = Debug|Any CPU
		{7F863CBD-4490-46A4-97A0-5D9E522A77FA}.Debug|Any CPU.Build.0 = Debug|Any CPU
		{7F863CBD-4490-46A4-97A0-5D9E522A77FA}.Release|Any CPU.ActiveCfg = Release|Any CPU
		{7F863CBD-4490-46A4-97A0-5D9E522A77FA}.Release|Any CPU.Build.0 = Release|Any CPU
		{471F4119-8756-4BB4-8F39-450E0ADF056F}.Debug|Any CPU.ActiveCfg = Debug|Any CPU
		{471F4119-8756-4BB4-8F39-450E0ADF056F}.Debug|Any CPU.Build.0 = Debug|Any CPU
		{471F4119-8756-4BB4-8F39-450E0ADF056F}.Release|Any CPU.ActiveCfg = Release|Any CPU
		{471F4119-8756-4BB4-8F39-450E0ADF056F}.Release|Any CPU.Build.0 = Release|Any CPU
		{3F0C9C02-F1A9-4FAE-92B5-FD787E792AA6}.Debug|Any CPU.ActiveCfg = Debug|Any CPU
		{3F0C9C02-F1A9-4FAE-92B5-FD787E792AA6}.Debug|Any CPU.Build.0 = Debug|Any CPU
		{3F0C9C02-F1A9-4FAE-92B5-FD787E792AA6}.Release|Any CPU.ActiveCfg = Debug|Any CPU
		{3F0C9C02-F1A9-4FAE-92B5-FD787E792AA6}.Release|Any CPU.Build.0 = Debug|Any CPU
		{5BED6290-FBD7-43EF-8E6E-8DE67888C670}.Debug|Any CPU.ActiveCfg = Debug|Any CPU
		{5BED6290-FBD7-43EF-8E6E-8DE67888C670}.Debug|Any CPU.Build.0 = Debug|Any CPU
		{5BED6290-FBD7-43EF-8E6E-8DE67888C670}.Release|Any CPU.ActiveCfg = Release|Any CPU
		{5BED6290-FBD7-43EF-8E6E-8DE67888C670}.Release|Any CPU.Build.0 = Release|Any CPU
		{5B4E0C6A-907A-4035-B376-24A5ABF4A75F}.Debug|Any CPU.ActiveCfg = Debug|Any CPU
		{5B4E0C6A-907A-4035-B376-24A5ABF4A75F}.Debug|Any CPU.Build.0 = Debug|Any CPU
		{5B4E0C6A-907A-4035-B376-24A5ABF4A75F}.Release|Any CPU.ActiveCfg = Release|Any CPU
		{5B4E0C6A-907A-4035-B376-24A5ABF4A75F}.Release|Any CPU.Build.0 = Release|Any CPU
		{AB8B57A2-AE2F-4B3F-94A1-E7FE8D584534}.Debug|Any CPU.ActiveCfg = Debug|Any CPU
		{AB8B57A2-AE2F-4B3F-94A1-E7FE8D584534}.Debug|Any CPU.Build.0 = Debug|Any CPU
		{AB8B57A2-AE2F-4B3F-94A1-E7FE8D584534}.Release|Any CPU.ActiveCfg = Release|Any CPU
		{AB8B57A2-AE2F-4B3F-94A1-E7FE8D584534}.Release|Any CPU.Build.0 = Release|Any CPU
		{5B6F1DA8-7FA0-4192-9B80-F418BFDFA2A6}.Debug|Any CPU.ActiveCfg = Debug|Any CPU
		{5B6F1DA8-7FA0-4192-9B80-F418BFDFA2A6}.Debug|Any CPU.Build.0 = Debug|Any CPU
		{5B6F1DA8-7FA0-4192-9B80-F418BFDFA2A6}.Release|Any CPU.ActiveCfg = Release|Any CPU
		{5B6F1DA8-7FA0-4192-9B80-F418BFDFA2A6}.Release|Any CPU.Build.0 = Release|Any CPU
		{8BE424A9-B776-49CE-A322-19CA162C6744}.Debug|Any CPU.ActiveCfg = Debug|Any CPU
		{8BE424A9-B776-49CE-A322-19CA162C6744}.Debug|Any CPU.Build.0 = Debug|Any CPU
		{8BE424A9-B776-49CE-A322-19CA162C6744}.Release|Any CPU.ActiveCfg = Release|Any CPU
		{8BE424A9-B776-49CE-A322-19CA162C6744}.Release|Any CPU.Build.0 = Release|Any CPU
		{C156B963-2EBA-4087-9EAA-7C9CE3FC4416}.Debug|Any CPU.ActiveCfg = Debug|Any CPU
		{C156B963-2EBA-4087-9EAA-7C9CE3FC4416}.Debug|Any CPU.Build.0 = Debug|Any CPU
		{C156B963-2EBA-4087-9EAA-7C9CE3FC4416}.Release|Any CPU.ActiveCfg = Release|Any CPU
		{C156B963-2EBA-4087-9EAA-7C9CE3FC4416}.Release|Any CPU.Build.0 = Release|Any CPU
		{F32B1A7C-13C6-4F8F-9E2D-88F4A1F37DCB}.Debug|Any CPU.ActiveCfg = Debug|Any CPU
		{F32B1A7C-13C6-4F8F-9E2D-88F4A1F37DCB}.Debug|Any CPU.Build.0 = Debug|Any CPU
		{F32B1A7C-13C6-4F8F-9E2D-88F4A1F37DCB}.Release|Any CPU.ActiveCfg = Release|Any CPU
		{F32B1A7C-13C6-4F8F-9E2D-88F4A1F37DCB}.Release|Any CPU.Build.0 = Release|Any CPU
		{35F8C7DD-0B54-4C69-A464-9582868540AF}.Debug|Any CPU.ActiveCfg = Debug|Any CPU
		{35F8C7DD-0B54-4C69-A464-9582868540AF}.Debug|Any CPU.Build.0 = Debug|Any CPU
		{35F8C7DD-0B54-4C69-A464-9582868540AF}.Release|Any CPU.ActiveCfg = Release|Any CPU
		{35F8C7DD-0B54-4C69-A464-9582868540AF}.Release|Any CPU.Build.0 = Release|Any CPU
		{2BF9BA93-D2FF-4D0F-AE2B-AA22ABEA3C02}.Debug|Any CPU.ActiveCfg = Debug|Any CPU
		{2BF9BA93-D2FF-4D0F-AE2B-AA22ABEA3C02}.Debug|Any CPU.Build.0 = Debug|Any CPU
		{2BF9BA93-D2FF-4D0F-AE2B-AA22ABEA3C02}.Release|Any CPU.ActiveCfg = Release|Any CPU
		{2BF9BA93-D2FF-4D0F-AE2B-AA22ABEA3C02}.Release|Any CPU.Build.0 = Release|Any CPU
		{F46EE7DF-7F82-41F4-BAAA-F3F35884A599}.Debug|Any CPU.ActiveCfg = Debug|Any CPU
		{F46EE7DF-7F82-41F4-BAAA-F3F35884A599}.Debug|Any CPU.Build.0 = Debug|Any CPU
		{F46EE7DF-7F82-41F4-BAAA-F3F35884A599}.Release|Any CPU.ActiveCfg = Release|Any CPU
		{F46EE7DF-7F82-41F4-BAAA-F3F35884A599}.Release|Any CPU.Build.0 = Release|Any CPU
		{8228F3E1-D549-4638-AA94-88E580ADA76E}.Debug|Any CPU.ActiveCfg = Debug|Any CPU
		{8228F3E1-D549-4638-AA94-88E580ADA76E}.Debug|Any CPU.Build.0 = Debug|Any CPU
		{8228F3E1-D549-4638-AA94-88E580ADA76E}.Release|Any CPU.ActiveCfg = Release|Any CPU
		{8228F3E1-D549-4638-AA94-88E580ADA76E}.Release|Any CPU.Build.0 = Release|Any CPU
		{564FED60-BA00-467F-99EB-983D35E98B67}.Debug|Any CPU.ActiveCfg = Debug|Any CPU
		{564FED60-BA00-467F-99EB-983D35E98B67}.Debug|Any CPU.Build.0 = Debug|Any CPU
		{564FED60-BA00-467F-99EB-983D35E98B67}.Release|Any CPU.ActiveCfg = Release|Any CPU
		{564FED60-BA00-467F-99EB-983D35E98B67}.Release|Any CPU.Build.0 = Release|Any CPU
		{F17035CA-C3DF-433C-B63F-81F072B9C74B}.Debug|Any CPU.ActiveCfg = Debug|Any CPU
		{F17035CA-C3DF-433C-B63F-81F072B9C74B}.Debug|Any CPU.Build.0 = Debug|Any CPU
		{F17035CA-C3DF-433C-B63F-81F072B9C74B}.Release|Any CPU.ActiveCfg = Release|Any CPU
		{F17035CA-C3DF-433C-B63F-81F072B9C74B}.Release|Any CPU.Build.0 = Release|Any CPU
		{34447197-1C13-4EA2-9480-BE29532236A1}.Debug|Any CPU.ActiveCfg = Debug|Any CPU
		{34447197-1C13-4EA2-9480-BE29532236A1}.Debug|Any CPU.Build.0 = Debug|Any CPU
		{34447197-1C13-4EA2-9480-BE29532236A1}.Release|Any CPU.ActiveCfg = Release|Any CPU
		{34447197-1C13-4EA2-9480-BE29532236A1}.Release|Any CPU.Build.0 = Release|Any CPU
		{BBE3A475-2BF3-489A-B2BC-A2BF80BD239F}.Debug|Any CPU.ActiveCfg = Debug|Any CPU
		{BBE3A475-2BF3-489A-B2BC-A2BF80BD239F}.Debug|Any CPU.Build.0 = Debug|Any CPU
		{BBE3A475-2BF3-489A-B2BC-A2BF80BD239F}.Release|Any CPU.ActiveCfg = Release|Any CPU
		{BBE3A475-2BF3-489A-B2BC-A2BF80BD239F}.Release|Any CPU.Build.0 = Release|Any CPU
		{C5A77273-AA8E-4B10-8FC7-9E4D56DE2840}.Debug|Any CPU.ActiveCfg = Debug|Any CPU
		{C5A77273-AA8E-4B10-8FC7-9E4D56DE2840}.Debug|Any CPU.Build.0 = Debug|Any CPU
		{C5A77273-AA8E-4B10-8FC7-9E4D56DE2840}.Release|Any CPU.ActiveCfg = Release|Any CPU
		{C5A77273-AA8E-4B10-8FC7-9E4D56DE2840}.Release|Any CPU.Build.0 = Release|Any CPU
		{14B9B558-B188-4828-A387-243347C4D8EC}.Debug|Any CPU.ActiveCfg = Debug|Any CPU
		{14B9B558-B188-4828-A387-243347C4D8EC}.Debug|Any CPU.Build.0 = Debug|Any CPU
		{14B9B558-B188-4828-A387-243347C4D8EC}.Release|Any CPU.ActiveCfg = Release|Any CPU
		{14B9B558-B188-4828-A387-243347C4D8EC}.Release|Any CPU.Build.0 = Release|Any CPU
		{E8549F5D-89CF-4CB6-8C37-C37F4F4DB21C}.Debug|Any CPU.ActiveCfg = Debug|Any CPU
		{E8549F5D-89CF-4CB6-8C37-C37F4F4DB21C}.Debug|Any CPU.Build.0 = Debug|Any CPU
		{E8549F5D-89CF-4CB6-8C37-C37F4F4DB21C}.Release|Any CPU.ActiveCfg = Release|Any CPU
		{E8549F5D-89CF-4CB6-8C37-C37F4F4DB21C}.Release|Any CPU.Build.0 = Release|Any CPU
		{C79EE722-B295-4C2B-A319-38592F432622}.Debug|Any CPU.ActiveCfg = Debug|Any CPU
		{C79EE722-B295-4C2B-A319-38592F432622}.Debug|Any CPU.Build.0 = Debug|Any CPU
		{C79EE722-B295-4C2B-A319-38592F432622}.Release|Any CPU.ActiveCfg = Release|Any CPU
		{C79EE722-B295-4C2B-A319-38592F432622}.Release|Any CPU.Build.0 = Release|Any CPU
		{5E4D7595-9262-4D30-97C9-C5613BF2ECAC}.Debug|Any CPU.ActiveCfg = Debug|Any CPU
		{5E4D7595-9262-4D30-97C9-C5613BF2ECAC}.Debug|Any CPU.Build.0 = Debug|Any CPU
		{5E4D7595-9262-4D30-97C9-C5613BF2ECAC}.Release|Any CPU.ActiveCfg = Release|Any CPU
		{5E4D7595-9262-4D30-97C9-C5613BF2ECAC}.Release|Any CPU.Build.0 = Release|Any CPU
		{13639212-661E-443B-A1EE-1E89CD9FE052}.Debug|Any CPU.ActiveCfg = Debug|Any CPU
		{13639212-661E-443B-A1EE-1E89CD9FE052}.Debug|Any CPU.Build.0 = Debug|Any CPU
		{13639212-661E-443B-A1EE-1E89CD9FE052}.Release|Any CPU.ActiveCfg = Release|Any CPU
		{13639212-661E-443B-A1EE-1E89CD9FE052}.Release|Any CPU.Build.0 = Release|Any CPU
		{A3349ECA-C58F-4002-B4F9-C7800A3CB27D}.Debug|Any CPU.ActiveCfg = Debug|Any CPU
		{A3349ECA-C58F-4002-B4F9-C7800A3CB27D}.Debug|Any CPU.Build.0 = Debug|Any CPU
		{A3349ECA-C58F-4002-B4F9-C7800A3CB27D}.Release|Any CPU.ActiveCfg = Release|Any CPU
		{A3349ECA-C58F-4002-B4F9-C7800A3CB27D}.Release|Any CPU.Build.0 = Release|Any CPU
		{C073DFCB-907F-4F0C-ACF2-1008B268323E}.Debug|Any CPU.ActiveCfg = Debug|Any CPU
		{C073DFCB-907F-4F0C-ACF2-1008B268323E}.Debug|Any CPU.Build.0 = Debug|Any CPU
		{C073DFCB-907F-4F0C-ACF2-1008B268323E}.Release|Any CPU.ActiveCfg = Release|Any CPU
		{C073DFCB-907F-4F0C-ACF2-1008B268323E}.Release|Any CPU.Build.0 = Release|Any CPU
		{1E4A4D27-AACA-479A-B202-A45DBA212E81}.Debug|Any CPU.ActiveCfg = Debug|Any CPU
		{1E4A4D27-AACA-479A-B202-A45DBA212E81}.Debug|Any CPU.Build.0 = Debug|Any CPU
		{1E4A4D27-AACA-479A-B202-A45DBA212E81}.Release|Any CPU.ActiveCfg = Release|Any CPU
		{1E4A4D27-AACA-479A-B202-A45DBA212E81}.Release|Any CPU.Build.0 = Release|Any CPU
		{CAC601DC-C5DF-4BC2-A95C-15293F4B19A2}.Debug|Any CPU.ActiveCfg = Debug|Any CPU
		{CAC601DC-C5DF-4BC2-A95C-15293F4B19A2}.Debug|Any CPU.Build.0 = Debug|Any CPU
		{CAC601DC-C5DF-4BC2-A95C-15293F4B19A2}.Release|Any CPU.ActiveCfg = Release|Any CPU
		{CAC601DC-C5DF-4BC2-A95C-15293F4B19A2}.Release|Any CPU.Build.0 = Release|Any CPU
		{92F3E294-8E99-4179-AD0D-D7FC3B48B2CC}.Debug|Any CPU.ActiveCfg = Debug|Any CPU
		{92F3E294-8E99-4179-AD0D-D7FC3B48B2CC}.Debug|Any CPU.Build.0 = Debug|Any CPU
		{92F3E294-8E99-4179-AD0D-D7FC3B48B2CC}.Release|Any CPU.ActiveCfg = Release|Any CPU
		{92F3E294-8E99-4179-AD0D-D7FC3B48B2CC}.Release|Any CPU.Build.0 = Release|Any CPU
		{5684EB8C-F8CD-4A90-8243-A35BD1B0405C}.Debug|Any CPU.ActiveCfg = Debug|Any CPU
		{5684EB8C-F8CD-4A90-8243-A35BD1B0405C}.Debug|Any CPU.Build.0 = Debug|Any CPU
		{5684EB8C-F8CD-4A90-8243-A35BD1B0405C}.Release|Any CPU.ActiveCfg = Release|Any CPU
		{5684EB8C-F8CD-4A90-8243-A35BD1B0405C}.Release|Any CPU.Build.0 = Release|Any CPU
		{0CFE0AC2-334C-49CD-83B2-93343BDB6157}.Debug|Any CPU.ActiveCfg = Debug|Any CPU
		{0CFE0AC2-334C-49CD-83B2-93343BDB6157}.Debug|Any CPU.Build.0 = Debug|Any CPU
		{0CFE0AC2-334C-49CD-83B2-93343BDB6157}.Release|Any CPU.ActiveCfg = Release|Any CPU
		{0CFE0AC2-334C-49CD-83B2-93343BDB6157}.Release|Any CPU.Build.0 = Release|Any CPU
		{5DF7940F-EF2A-4385-9F68-BD64B599F563}.Debug|Any CPU.ActiveCfg = Debug|Any CPU
		{5DF7940F-EF2A-4385-9F68-BD64B599F563}.Debug|Any CPU.Build.0 = Debug|Any CPU
		{5DF7940F-EF2A-4385-9F68-BD64B599F563}.Release|Any CPU.ActiveCfg = Release|Any CPU
		{5DF7940F-EF2A-4385-9F68-BD64B599F563}.Release|Any CPU.Build.0 = Release|Any CPU
		{66FBC348-ABC5-49FA-A5ED-604BBB57BF07}.Debug|Any CPU.ActiveCfg = Debug|Any CPU
		{66FBC348-ABC5-49FA-A5ED-604BBB57BF07}.Debug|Any CPU.Build.0 = Debug|Any CPU
		{66FBC348-ABC5-49FA-A5ED-604BBB57BF07}.Release|Any CPU.ActiveCfg = Release|Any CPU
		{66FBC348-ABC5-49FA-A5ED-604BBB57BF07}.Release|Any CPU.Build.0 = Release|Any CPU
		{6F86B5A0-EEB8-44E6-B681-84A4321DA9CE}.Debug|Any CPU.ActiveCfg = Debug|Any CPU
		{6F86B5A0-EEB8-44E6-B681-84A4321DA9CE}.Debug|Any CPU.Build.0 = Debug|Any CPU
		{6F86B5A0-EEB8-44E6-B681-84A4321DA9CE}.Release|Any CPU.ActiveCfg = Release|Any CPU
		{6F86B5A0-EEB8-44E6-B681-84A4321DA9CE}.Release|Any CPU.Build.0 = Release|Any CPU
		{46B40CEC-4CAB-4CFF-A8CD-87148709476E}.Debug|Any CPU.ActiveCfg = Debug|Any CPU
		{46B40CEC-4CAB-4CFF-A8CD-87148709476E}.Debug|Any CPU.Build.0 = Debug|Any CPU
		{46B40CEC-4CAB-4CFF-A8CD-87148709476E}.Release|Any CPU.ActiveCfg = Release|Any CPU
		{46B40CEC-4CAB-4CFF-A8CD-87148709476E}.Release|Any CPU.Build.0 = Release|Any CPU
	EndGlobalSection
	GlobalSection(SolutionProperties) = preSolution
		HideSolutionNode = FALSE
	EndGlobalSection
	GlobalSection(NestedProjects) = preSolution
		{F1F254DE-9AA3-438E-853C-2D5993881FBF} = {A585E2B2-5318-4FC7-9E57-4A817543A8C9}
		{59C8E0F2-3276-409B-8FF0-1989E66E49A2} = {F1F254DE-9AA3-438E-853C-2D5993881FBF}
		{4E37F63E-C663-4946-8D18-AE77513AF080} = {F1F254DE-9AA3-438E-853C-2D5993881FBF}
		{CE2BF080-8C59-407E-8FC6-22C3AE749B82} = {F1F254DE-9AA3-438E-853C-2D5993881FBF}
		{C5623C42-D9AC-4D19-B010-AC459551B604} = {F1F254DE-9AA3-438E-853C-2D5993881FBF}
		{5603458D-C845-43FB-9C8A-C55CB2000B5F} = {F1F254DE-9AA3-438E-853C-2D5993881FBF}
		{39802153-C550-49F7-8A56-59212AE73D8D} = {F1F254DE-9AA3-438E-853C-2D5993881FBF}
		{5886C861-55FB-44AF-A0B7-D6B4F4B5F331} = {A585E2B2-5318-4FC7-9E57-4A817543A8C9}
		{F57A4707-18BD-4C41-ACAE-6FCEF914E3F7} = {5886C861-55FB-44AF-A0B7-D6B4F4B5F331}
		{374B2B4A-37DF-4B18-9AE7-F3449BD554FC} = {5886C861-55FB-44AF-A0B7-D6B4F4B5F331}
		{FF3A8DC6-055F-48A5-B082-C09D904B1E2A} = {5886C861-55FB-44AF-A0B7-D6B4F4B5F331}
		{75AC50EB-FCE1-4384-A778-816EAA6B4347} = {5886C861-55FB-44AF-A0B7-D6B4F4B5F331}
		{6C5C0722-57E4-4A1E-BB12-4ECDF05182BE} = {5886C861-55FB-44AF-A0B7-D6B4F4B5F331}
		{6B06134B-A345-42AD-8B72-0523637E89B7} = {5886C861-55FB-44AF-A0B7-D6B4F4B5F331}
		{B9C223A7-7852-4CAE-8CE7-03D3B01E41AE} = {A585E2B2-5318-4FC7-9E57-4A817543A8C9}
		{96A4BE03-6B29-43DF-98A9-FD30B54ECEB7} = {B9C223A7-7852-4CAE-8CE7-03D3B01E41AE}
		{BD369C0B-664C-4D5E-A020-992F7BEF4902} = {B9C223A7-7852-4CAE-8CE7-03D3B01E41AE}
		{CD8BEEAE-6750-4A96-B99F-9B5EBEDF870D} = {B9C223A7-7852-4CAE-8CE7-03D3B01E41AE}
		{59F293A2-0162-4D17-A83F-5D2B27859769} = {F5A3E779-B8FE-4094-B46C-D40551AD2776}
		{CA11761B-8388-4F22-BDE2-3AD2912FBC21} = {59F293A2-0162-4D17-A83F-5D2B27859769}
		{A6A9686B-3436-4DC1-804E-C48F8CA86D0B} = {59F293A2-0162-4D17-A83F-5D2B27859769}
		{5111C8A4-19F3-4BDA-A879-0C3154D1C5E8} = {59F293A2-0162-4D17-A83F-5D2B27859769}
		{2335BD9B-7B79-4004-BD36-F26CBD80A9E2} = {59F293A2-0162-4D17-A83F-5D2B27859769}
		{C60B57E7-8749-43DA-B58E-5E53C7B48BBA} = {A585E2B2-5318-4FC7-9E57-4A817543A8C9}
		{109273E1-CB63-4519-A01C-1FE44DAD49E1} = {C60B57E7-8749-43DA-B58E-5E53C7B48BBA}
		{27B45F35-EA3C-4521-9D20-7632D8BC2E54} = {27415828-C09E-49FC-9843-3E19A45EF333}
		{62ED6D34-EA17-49AE-AF9D-62A72761A12C} = {27415828-C09E-49FC-9843-3E19A45EF333}
		{5F6C8880-39DE-497F-965E-A53F5A55CD24} = {27415828-C09E-49FC-9843-3E19A45EF333}
		{EBC37497-5802-47F2-977F-CDF8BC00AA08} = {F5A3E779-B8FE-4094-B46C-D40551AD2776}
		{330628EE-9ECF-4F54-81AB-E7E3F18BD8BA} = {EBC37497-5802-47F2-977F-CDF8BC00AA08}
		{8D8D1A05-491A-4F5B-A742-D60C38C11476} = {EBC37497-5802-47F2-977F-CDF8BC00AA08}
		{13FE810C-7AA2-44C0-9819-0486D324E1D0} = {EBC37497-5802-47F2-977F-CDF8BC00AA08}
		{9CBB6632-BE3C-44B8-A7B7-EEBAC8C4AE2E} = {F5A3E779-B8FE-4094-B46C-D40551AD2776}
		{8699AEA6-1FDE-47B3-9A94-B9D2C9662C0A} = {9CBB6632-BE3C-44B8-A7B7-EEBAC8C4AE2E}
		{46651901-F80F-451E-B8DB-187B63717F6B} = {9CBB6632-BE3C-44B8-A7B7-EEBAC8C4AE2E}
		{6CF4C995-8C85-4995-8602-76DB399DB20D} = {9CBB6632-BE3C-44B8-A7B7-EEBAC8C4AE2E}
		{45C49E67-A12E-476C-AD4B-86BF4541C62D} = {9CBB6632-BE3C-44B8-A7B7-EEBAC8C4AE2E}
		{88AFF262-8D50-4037-8ED8-56A9B526EFC4} = {F5A3E779-B8FE-4094-B46C-D40551AD2776}
		{7F863CBD-4490-46A4-97A0-5D9E522A77FA} = {88AFF262-8D50-4037-8ED8-56A9B526EFC4}
		{471F4119-8756-4BB4-8F39-450E0ADF056F} = {88AFF262-8D50-4037-8ED8-56A9B526EFC4}
		{3F0C9C02-F1A9-4FAE-92B5-FD787E792AA6} = {88AFF262-8D50-4037-8ED8-56A9B526EFC4}
		{B5C3A61E-132E-4261-ADB7-B00DCFA5204C} = {F5A3E779-B8FE-4094-B46C-D40551AD2776}
		{5BED6290-FBD7-43EF-8E6E-8DE67888C670} = {B5C3A61E-132E-4261-ADB7-B00DCFA5204C}
		{5B4E0C6A-907A-4035-B376-24A5ABF4A75F} = {B5C3A61E-132E-4261-ADB7-B00DCFA5204C}
		{AB8B57A2-AE2F-4B3F-94A1-E7FE8D584534} = {B5C3A61E-132E-4261-ADB7-B00DCFA5204C}
		{5B6F1DA8-7FA0-4192-9B80-F418BFDFA2A6} = {88AFF262-8D50-4037-8ED8-56A9B526EFC4}
		{D6CD08AC-744E-4DC6-9B95-0DCD0DC00A71} = {F5A3E779-B8FE-4094-B46C-D40551AD2776}
		{8BE424A9-B776-49CE-A322-19CA162C6744} = {D6CD08AC-744E-4DC6-9B95-0DCD0DC00A71}
		{C156B963-2EBA-4087-9EAA-7C9CE3FC4416} = {D6CD08AC-744E-4DC6-9B95-0DCD0DC00A71}
		{F32B1A7C-13C6-4F8F-9E2D-88F4A1F37DCB} = {D6CD08AC-744E-4DC6-9B95-0DCD0DC00A71}
		{35F8C7DD-0B54-4C69-A464-9582868540AF} = {D6CD08AC-744E-4DC6-9B95-0DCD0DC00A71}
		{2BF9BA93-D2FF-4D0F-AE2B-AA22ABEA3C02} = {9CBB6632-BE3C-44B8-A7B7-EEBAC8C4AE2E}
		{F46EE7DF-7F82-41F4-BAAA-F3F35884A599} = {9CBB6632-BE3C-44B8-A7B7-EEBAC8C4AE2E}
		{D27AF287-F1C8-4BEE-BA69-21D1A040263D} = {F5A3E779-B8FE-4094-B46C-D40551AD2776}
		{393406A5-62B7-40E8-85DC-5247ABCC2EDC} = {D27AF287-F1C8-4BEE-BA69-21D1A040263D}
		{8228F3E1-D549-4638-AA94-88E580ADA76E} = {D27AF287-F1C8-4BEE-BA69-21D1A040263D}
		{564FED60-BA00-467F-99EB-983D35E98B67} = {D27AF287-F1C8-4BEE-BA69-21D1A040263D}
		{F17035CA-C3DF-433C-B63F-81F072B9C74B} = {D27AF287-F1C8-4BEE-BA69-21D1A040263D}
		{34447197-1C13-4EA2-9480-BE29532236A1} = {393406A5-62B7-40E8-85DC-5247ABCC2EDC}
		{BBE3A475-2BF3-489A-B2BC-A2BF80BD239F} = {393406A5-62B7-40E8-85DC-5247ABCC2EDC}
		{C5A77273-AA8E-4B10-8FC7-9E4D56DE2840} = {D27AF287-F1C8-4BEE-BA69-21D1A040263D}
		{14B9B558-B188-4828-A387-243347C4D8EC} = {D27AF287-F1C8-4BEE-BA69-21D1A040263D}
		{A585E2B2-5318-4FC7-9E57-4A817543A8C9} = {F5A3E779-B8FE-4094-B46C-D40551AD2776}
		{755AB809-265A-45EF-9FD3-B196202790C3} = {F5A3E779-B8FE-4094-B46C-D40551AD2776}
		{E8549F5D-89CF-4CB6-8C37-C37F4F4DB21C} = {755AB809-265A-45EF-9FD3-B196202790C3}
		{C79EE722-B295-4C2B-A319-38592F432622} = {755AB809-265A-45EF-9FD3-B196202790C3}
		{5E4D7595-9262-4D30-97C9-C5613BF2ECAC} = {755AB809-265A-45EF-9FD3-B196202790C3}
		{13639212-661E-443B-A1EE-1E89CD9FE052} = {755AB809-265A-45EF-9FD3-B196202790C3}
		{A3349ECA-C58F-4002-B4F9-C7800A3CB27D} = {F1F254DE-9AA3-438E-853C-2D5993881FBF}
		{C073DFCB-907F-4F0C-ACF2-1008B268323E} = {5886C861-55FB-44AF-A0B7-D6B4F4B5F331}
		{1E4A4D27-AACA-479A-B202-A45DBA212E81} = {88AFF262-8D50-4037-8ED8-56A9B526EFC4}
		{C17B71F2-A7A4-47E1-9F8A-8B9C92D215DA} = {F5A3E779-B8FE-4094-B46C-D40551AD2776}
		{92F3E294-8E99-4179-AD0D-D7FC3B48B2CC} = {C17B71F2-A7A4-47E1-9F8A-8B9C92D215DA}
		{5684EB8C-F8CD-4A90-8243-A35BD1B0405C} = {F5A3E779-B8FE-4094-B46C-D40551AD2776}
		{0CFE0AC2-334C-49CD-83B2-93343BDB6157} = {5886C861-55FB-44AF-A0B7-D6B4F4B5F331}
		{5DF7940F-EF2A-4385-9F68-BD64B599F563} = {27415828-C09E-49FC-9843-3E19A45EF333}
		{F06CE4EE-FBED-4513-AC1D-0ECC3FB229AE} = {F5A3E779-B8FE-4094-B46C-D40551AD2776}
		{66FBC348-ABC5-49FA-A5ED-604BBB57BF07} = {F06CE4EE-FBED-4513-AC1D-0ECC3FB229AE}
		{6F86B5A0-EEB8-44E6-B681-84A4321DA9CE} = {F06CE4EE-FBED-4513-AC1D-0ECC3FB229AE}
		{46B40CEC-4CAB-4CFF-A8CD-87148709476E} = {F06CE4EE-FBED-4513-AC1D-0ECC3FB229AE}
	EndGlobalSection
	GlobalSection(ExtensibilityGlobals) = postSolution
		SolutionGuid = {2F501F91-03BC-4035-8E72-C51FBD762964}
	EndGlobalSection
EndGlobal
